// !$*UTF8*$!
{
	archiveVersion = 1;
	classes = {
	};
	objectVersion = 50;
	objects = {

/* Begin PBXBuildFile section */
		C75EBB2A2282BC7E00372EEA /* AppDelegate.m in Sources */ = {isa = PBXBuildFile; fileRef = C75EBB292282BC7E00372EEA /* AppDelegate.m */; };
		C75EBB302282BC7E00372EEA /* Main.storyboard in Resources */ = {isa = PBXBuildFile; fileRef = C75EBB2E2282BC7E00372EEA /* Main.storyboard */; };
		C75EBB322282BC7E00372EEA /* Assets.xcassets in Resources */ = {isa = PBXBuildFile; fileRef = C75EBB312282BC7E00372EEA /* Assets.xcassets */; };
		C75EBB352282BC7E00372EEA /* LaunchScreen.storyboard in Resources */ = {isa = PBXBuildFile; fileRef = C75EBB332282BC7E00372EEA /* LaunchScreen.storyboard */; };
		C75EBB382282BC7E00372EEA /* main.m in Sources */ = {isa = PBXBuildFile; fileRef = C75EBB372282BC7E00372EEA /* main.m */; };
		C75EBB422282BC7E00372EEA /* Runtime_DemoTests.m in Sources */ = {isa = PBXBuildFile; fileRef = C75EBB412282BC7E00372EEA /* Runtime_DemoTests.m */; };
		C75EBB4D2282BC7F00372EEA /* Runtime_DemoUITests.m in Sources */ = {isa = PBXBuildFile; fileRef = C75EBB4C2282BC7F00372EEA /* Runtime_DemoUITests.m */; };
		C75EBB77228406A800372EEA /* Test1ViewController.m in Sources */ = {isa = PBXBuildFile; fileRef = C75EBB5B228406A400372EEA /* Test1ViewController.m */; };
		C75EBB78228406A800372EEA /* RootViewController.m in Sources */ = {isa = PBXBuildFile; fileRef = C75EBB5C228406A400372EEA /* RootViewController.m */; };
		C75EBB7B228406A800372EEA /* Test7ViewController.m in Sources */ = {isa = PBXBuildFile; fileRef = C75EBB62228406A400372EEA /* Test7ViewController.m */; };
		C75EBB7E228406A800372EEA /* Test3ViewController.m in Sources */ = {isa = PBXBuildFile; fileRef = C75EBB66228406A600372EEA /* Test3ViewController.m */; };
		C75EBB7F228406A800372EEA /* Test2ViewController.m in Sources */ = {isa = PBXBuildFile; fileRef = C75EBB68228406A600372EEA /* Test2ViewController.m */; };
		C75EBB83228406A800372EEA /* Test5ViewController.m in Sources */ = {isa = PBXBuildFile; fileRef = C75EBB6D228406A700372EEA /* Test5ViewController.m */; };
		C75EBB86228406A800372EEA /* Person.m in Sources */ = {isa = PBXBuildFile; fileRef = C75EBB71228406A800372EEA /* Person.m */; };
		C75EBB87228406A800372EEA /* Test6ViewController.m in Sources */ = {isa = PBXBuildFile; fileRef = C75EBB74228406A800372EEA /* Test6ViewController.m */; };
		C75EBB8C228566C300372EEA /* MJPerson.m in Sources */ = {isa = PBXBuildFile; fileRef = C75EBB8B228566C300372EEA /* MJPerson.m */; };
		C75EBB8F228566D400372EEA /* MJStudent.m in Sources */ = {isa = PBXBuildFile; fileRef = C75EBB8E228566D400372EEA /* MJStudent.m */; };
		C75EBB92228566E600372EEA /* MJGoodStudent.m in Sources */ = {isa = PBXBuildFile; fileRef = C75EBB91228566E600372EEA /* MJGoodStudent.m */; };
		C75EBB962289456D00372EEA /* MyTest.m in Sources */ = {isa = PBXBuildFile; fileRef = C75EBB952289456D00372EEA /* MyTest.m */; };
		C75EBBDD22897CDA00372EEA /* ClassInfo.mm in Sources */ = {isa = PBXBuildFile; fileRef = C75EBBDC22897CDA00372EEA /* ClassInfo.mm */; };
		C75EBBE0228982B900372EEA /* Animal.m in Sources */ = {isa = PBXBuildFile; fileRef = C75EBBDF228982B900372EEA /* Animal.m */; };
		C75EBBE3228982C500372EEA /* Dog.m in Sources */ = {isa = PBXBuildFile; fileRef = C75EBBE2228982C500372EEA /* Dog.m */; };
		C75EBBE6228982DA00372EEA /* HaShiqi.m in Sources */ = {isa = PBXBuildFile; fileRef = C75EBBE5228982DA00372EEA /* HaShiqi.m */; };
		C75EBBEA228983D100372EEA /* Book.m in Sources */ = {isa = PBXBuildFile; fileRef = C75EBBE9228983D100372EEA /* Book.m */; };
		C75EBBED228983EB00372EEA /* Car.m in Sources */ = {isa = PBXBuildFile; fileRef = C75EBBEC228983EB00372EEA /* Car.m */; };
		C75EBBF1228A6EEF00372EEA /* Test8ViewController.m in Sources */ = {isa = PBXBuildFile; fileRef = C75EBBF0228A6EEF00372EEA /* Test8ViewController.m */; };
		C76AC5DD22CCD14C001B80D5 /* Test9ViewController.m in Sources */ = {isa = PBXBuildFile; fileRef = C76AC5DC22CCD14C001B80D5 /* Test9ViewController.m */; };
		C76AC5E022CCD185001B80D5 /* NSArray+ArrayBounds.m in Sources */ = {isa = PBXBuildFile; fileRef = C76AC5DF22CCD185001B80D5 /* NSArray+ArrayBounds.m */; };
		C76AC5E322CCD6A8001B80D5 /* NSDictionary+CESafeExt.m in Sources */ = {isa = PBXBuildFile; fileRef = C76AC5E122CCD6A8001B80D5 /* NSDictionary+CESafeExt.m */; };
		C76AC5E622CCD716001B80D5 /* NSObject+CEHook.m in Sources */ = {isa = PBXBuildFile; fileRef = C76AC5E522CCD716001B80D5 /* NSObject+CEHook.m */; };
/* End PBXBuildFile section */

/* Begin PBXContainerItemProxy section */
		C75EBB3E2282BC7E00372EEA /* PBXContainerItemProxy */ = {
			isa = PBXContainerItemProxy;
			containerPortal = C75EBB1D2282BC7E00372EEA /* Project object */;
			proxyType = 1;
			remoteGlobalIDString = C75EBB242282BC7E00372EEA;
			remoteInfo = "Runtime-Demo";
		};
		C75EBB492282BC7E00372EEA /* PBXContainerItemProxy */ = {
			isa = PBXContainerItemProxy;
			containerPortal = C75EBB1D2282BC7E00372EEA /* Project object */;
			proxyType = 1;
			remoteGlobalIDString = C75EBB242282BC7E00372EEA;
			remoteInfo = "Runtime-Demo";
		};
/* End PBXContainerItemProxy section */

/* Begin PBXFileReference section */
		C75EBB252282BC7E00372EEA /* Runtime-Demo.app */ = {isa = PBXFileReference; explicitFileType = wrapper.application; includeInIndex = 0; path = "Runtime-Demo.app"; sourceTree = BUILT_PRODUCTS_DIR; };
		C75EBB282282BC7E00372EEA /* AppDelegate.h */ = {isa = PBXFileReference; lastKnownFileType = sourcecode.c.h; path = AppDelegate.h; sourceTree = "<group>"; };
		C75EBB292282BC7E00372EEA /* AppDelegate.m */ = {isa = PBXFileReference; lastKnownFileType = sourcecode.c.objc; path = AppDelegate.m; sourceTree = "<group>"; };
		C75EBB2F2282BC7E00372EEA /* Base */ = {isa = PBXFileReference; lastKnownFileType = file.storyboard; name = Base; path = Base.lproj/Main.storyboard; sourceTree = "<group>"; };
		C75EBB312282BC7E00372EEA /* Assets.xcassets */ = {isa = PBXFileReference; lastKnownFileType = folder.assetcatalog; path = Assets.xcassets; sourceTree = "<group>"; };
		C75EBB342282BC7E00372EEA /* Base */ = {isa = PBXFileReference; lastKnownFileType = file.storyboard; name = Base; path = Base.lproj/LaunchScreen.storyboard; sourceTree = "<group>"; };
		C75EBB362282BC7E00372EEA /* Info.plist */ = {isa = PBXFileReference; lastKnownFileType = text.plist.xml; path = Info.plist; sourceTree = "<group>"; };
		C75EBB372282BC7E00372EEA /* main.m */ = {isa = PBXFileReference; lastKnownFileType = sourcecode.c.objc; path = main.m; sourceTree = "<group>"; };
		C75EBB3D2282BC7E00372EEA /* Runtime-DemoTests.xctest */ = {isa = PBXFileReference; explicitFileType = wrapper.cfbundle; includeInIndex = 0; path = "Runtime-DemoTests.xctest"; sourceTree = BUILT_PRODUCTS_DIR; };
		C75EBB412282BC7E00372EEA /* Runtime_DemoTests.m */ = {isa = PBXFileReference; lastKnownFileType = sourcecode.c.objc; path = Runtime_DemoTests.m; sourceTree = "<group>"; };
		C75EBB432282BC7E00372EEA /* Info.plist */ = {isa = PBXFileReference; lastKnownFileType = text.plist.xml; path = Info.plist; sourceTree = "<group>"; };
		C75EBB482282BC7E00372EEA /* Runtime-DemoUITests.xctest */ = {isa = PBXFileReference; explicitFileType = wrapper.cfbundle; includeInIndex = 0; path = "Runtime-DemoUITests.xctest"; sourceTree = BUILT_PRODUCTS_DIR; };
		C75EBB4C2282BC7F00372EEA /* Runtime_DemoUITests.m */ = {isa = PBXFileReference; lastKnownFileType = sourcecode.c.objc; path = Runtime_DemoUITests.m; sourceTree = "<group>"; };
		C75EBB4E2282BC7F00372EEA /* Info.plist */ = {isa = PBXFileReference; lastKnownFileType = text.plist.xml; path = Info.plist; sourceTree = "<group>"; };
		C75EBB5B228406A400372EEA /* Test1ViewController.m */ = {isa = PBXFileReference; fileEncoding = 4; lastKnownFileType = sourcecode.c.objc; path = Test1ViewController.m; sourceTree = "<group>"; };
		C75EBB5C228406A400372EEA /* RootViewController.m */ = {isa = PBXFileReference; fileEncoding = 4; lastKnownFileType = sourcecode.c.objc; path = RootViewController.m; sourceTree = "<group>"; };
		C75EBB5E228406A400372EEA /* Test1ViewController.h */ = {isa = PBXFileReference; fileEncoding = 4; lastKnownFileType = sourcecode.c.h; path = Test1ViewController.h; sourceTree = "<group>"; };
		C75EBB60228406A400372EEA /* Test6ViewController.h */ = {isa = PBXFileReference; fileEncoding = 4; lastKnownFileType = sourcecode.c.h; path = Test6ViewController.h; sourceTree = "<group>"; };
		C75EBB62228406A400372EEA /* Test7ViewController.m */ = {isa = PBXFileReference; fileEncoding = 4; lastKnownFileType = sourcecode.c.objc; path = Test7ViewController.m; sourceTree = "<group>"; };
		C75EBB65228406A600372EEA /* Test2ViewController.h */ = {isa = PBXFileReference; fileEncoding = 4; lastKnownFileType = sourcecode.c.h; path = Test2ViewController.h; sourceTree = "<group>"; };
		C75EBB66228406A600372EEA /* Test3ViewController.m */ = {isa = PBXFileReference; fileEncoding = 4; lastKnownFileType = sourcecode.c.objc; path = Test3ViewController.m; sourceTree = "<group>"; };
		C75EBB67228406A600372EEA /* Person.h */ = {isa = PBXFileReference; fileEncoding = 4; lastKnownFileType = sourcecode.c.h; path = Person.h; sourceTree = "<group>"; };
		C75EBB68228406A600372EEA /* Test2ViewController.m */ = {isa = PBXFileReference; fileEncoding = 4; lastKnownFileType = sourcecode.c.objc; path = Test2ViewController.m; sourceTree = "<group>"; };
		C75EBB6C228406A700372EEA /* RootViewController.h */ = {isa = PBXFileReference; fileEncoding = 4; lastKnownFileType = sourcecode.c.h; path = RootViewController.h; sourceTree = "<group>"; };
		C75EBB6D228406A700372EEA /* Test5ViewController.m */ = {isa = PBXFileReference; fileEncoding = 4; lastKnownFileType = sourcecode.c.objc; path = Test5ViewController.m; sourceTree = "<group>"; };
		C75EBB6F228406A700372EEA /* Test3ViewController.h */ = {isa = PBXFileReference; fileEncoding = 4; lastKnownFileType = sourcecode.c.h; path = Test3ViewController.h; sourceTree = "<group>"; };
		C75EBB71228406A800372EEA /* Person.m */ = {isa = PBXFileReference; fileEncoding = 4; lastKnownFileType = sourcecode.c.objc; path = Person.m; sourceTree = "<group>"; };
		C75EBB73228406A800372EEA /* Test5ViewController.h */ = {isa = PBXFileReference; fileEncoding = 4; lastKnownFileType = sourcecode.c.h; path = Test5ViewController.h; sourceTree = "<group>"; };
		C75EBB74228406A800372EEA /* Test6ViewController.m */ = {isa = PBXFileReference; fileEncoding = 4; lastKnownFileType = sourcecode.c.objc; path = Test6ViewController.m; sourceTree = "<group>"; };
		C75EBB75228406A800372EEA /* Test7ViewController.h */ = {isa = PBXFileReference; fileEncoding = 4; lastKnownFileType = sourcecode.c.h; path = Test7ViewController.h; sourceTree = "<group>"; };
		C75EBB8A228566C300372EEA /* MJPerson.h */ = {isa = PBXFileReference; lastKnownFileType = sourcecode.c.h; path = MJPerson.h; sourceTree = "<group>"; };
		C75EBB8B228566C300372EEA /* MJPerson.m */ = {isa = PBXFileReference; lastKnownFileType = sourcecode.c.objc; path = MJPerson.m; sourceTree = "<group>"; };
		C75EBB8D228566D400372EEA /* MJStudent.h */ = {isa = PBXFileReference; lastKnownFileType = sourcecode.c.h; path = MJStudent.h; sourceTree = "<group>"; };
		C75EBB8E228566D400372EEA /* MJStudent.m */ = {isa = PBXFileReference; lastKnownFileType = sourcecode.c.objc; path = MJStudent.m; sourceTree = "<group>"; };
		C75EBB90228566E600372EEA /* MJGoodStudent.h */ = {isa = PBXFileReference; lastKnownFileType = sourcecode.c.h; path = MJGoodStudent.h; sourceTree = "<group>"; };
		C75EBB91228566E600372EEA /* MJGoodStudent.m */ = {isa = PBXFileReference; lastKnownFileType = sourcecode.c.objc; path = MJGoodStudent.m; sourceTree = "<group>"; };
		C75EBB942289456D00372EEA /* MyTest.h */ = {isa = PBXFileReference; lastKnownFileType = sourcecode.c.h; path = MyTest.h; sourceTree = "<group>"; };
		C75EBB952289456D00372EEA /* MyTest.m */ = {isa = PBXFileReference; lastKnownFileType = sourcecode.c.objc; path = MyTest.m; sourceTree = "<group>"; };
		C75EBB992289622E00372EEA /* ClassInfo.h */ = {isa = PBXFileReference; lastKnownFileType = sourcecode.c.h; path = ClassInfo.h; sourceTree = "<group>"; };
		C75EBBDC22897CDA00372EEA /* ClassInfo.mm */ = {isa = PBXFileReference; fileEncoding = 4; lastKnownFileType = sourcecode.cpp.objcpp; path = ClassInfo.mm; sourceTree = "<group>"; };
		C75EBBDE228982B900372EEA /* Animal.h */ = {isa = PBXFileReference; lastKnownFileType = sourcecode.c.h; path = Animal.h; sourceTree = "<group>"; };
		C75EBBDF228982B900372EEA /* Animal.m */ = {isa = PBXFileReference; lastKnownFileType = sourcecode.c.objc; path = Animal.m; sourceTree = "<group>"; };
		C75EBBE1228982C500372EEA /* Dog.h */ = {isa = PBXFileReference; lastKnownFileType = sourcecode.c.h; path = Dog.h; sourceTree = "<group>"; };
		C75EBBE2228982C500372EEA /* Dog.m */ = {isa = PBXFileReference; lastKnownFileType = sourcecode.c.objc; path = Dog.m; sourceTree = "<group>"; };
		C75EBBE4228982DA00372EEA /* HaShiqi.h */ = {isa = PBXFileReference; lastKnownFileType = sourcecode.c.h; path = HaShiqi.h; sourceTree = "<group>"; };
		C75EBBE5228982DA00372EEA /* HaShiqi.m */ = {isa = PBXFileReference; lastKnownFileType = sourcecode.c.objc; path = HaShiqi.m; sourceTree = "<group>"; };
		C75EBBE8228983D100372EEA /* Book.h */ = {isa = PBXFileReference; lastKnownFileType = sourcecode.c.h; path = Book.h; sourceTree = "<group>"; };
		C75EBBE9228983D100372EEA /* Book.m */ = {isa = PBXFileReference; lastKnownFileType = sourcecode.c.objc; path = Book.m; sourceTree = "<group>"; };
		C75EBBEB228983EB00372EEA /* Car.h */ = {isa = PBXFileReference; lastKnownFileType = sourcecode.c.h; path = Car.h; sourceTree = "<group>"; };
		C75EBBEC228983EB00372EEA /* Car.m */ = {isa = PBXFileReference; lastKnownFileType = sourcecode.c.objc; path = Car.m; sourceTree = "<group>"; };
		C75EBBEF228A6EEF00372EEA /* Test8ViewController.h */ = {isa = PBXFileReference; lastKnownFileType = sourcecode.c.h; path = Test8ViewController.h; sourceTree = "<group>"; };
		C75EBBF0228A6EEF00372EEA /* Test8ViewController.m */ = {isa = PBXFileReference; lastKnownFileType = sourcecode.c.objc; path = Test8ViewController.m; sourceTree = "<group>"; };
		C76AC5DB22CCD14C001B80D5 /* Test9ViewController.h */ = {isa = PBXFileReference; lastKnownFileType = sourcecode.c.h; path = Test9ViewController.h; sourceTree = "<group>"; };
		C76AC5DC22CCD14C001B80D5 /* Test9ViewController.m */ = {isa = PBXFileReference; lastKnownFileType = sourcecode.c.objc; path = Test9ViewController.m; sourceTree = "<group>"; };
		C76AC5DE22CCD185001B80D5 /* NSArray+ArrayBounds.h */ = {isa = PBXFileReference; fileEncoding = 4; lastKnownFileType = sourcecode.c.h; path = "NSArray+ArrayBounds.h"; sourceTree = "<group>"; };
		C76AC5DF22CCD185001B80D5 /* NSArray+ArrayBounds.m */ = {isa = PBXFileReference; fileEncoding = 4; lastKnownFileType = sourcecode.c.objc; path = "NSArray+ArrayBounds.m"; sourceTree = "<group>"; };
		C76AC5E122CCD6A8001B80D5 /* NSDictionary+CESafeExt.m */ = {isa = PBXFileReference; fileEncoding = 4; lastKnownFileType = sourcecode.c.objc; path = "NSDictionary+CESafeExt.m"; sourceTree = "<group>"; };
		C76AC5E222CCD6A8001B80D5 /* NSDictionary+CESafeExt.h */ = {isa = PBXFileReference; fileEncoding = 4; lastKnownFileType = sourcecode.c.h; path = "NSDictionary+CESafeExt.h"; sourceTree = "<group>"; };
		C76AC5E422CCD716001B80D5 /* NSObject+CEHook.h */ = {isa = PBXFileReference; fileEncoding = 4; lastKnownFileType = sourcecode.c.h; path = "NSObject+CEHook.h"; sourceTree = "<group>"; };
		C76AC5E522CCD716001B80D5 /* NSObject+CEHook.m */ = {isa = PBXFileReference; fileEncoding = 4; lastKnownFileType = sourcecode.c.objc; path = "NSObject+CEHook.m"; sourceTree = "<group>"; };
/* End PBXFileReference section */

/* Begin PBXFrameworksBuildPhase section */
		C75EBB222282BC7E00372EEA /* Frameworks */ = {
			isa = PBXFrameworksBuildPhase;
			buildActionMask = 2147483647;
			files = (
			);
			runOnlyForDeploymentPostprocessing = 0;
		};
		C75EBB3A2282BC7E00372EEA /* Frameworks */ = {
			isa = PBXFrameworksBuildPhase;
			buildActionMask = 2147483647;
			files = (
			);
			runOnlyForDeploymentPostprocessing = 0;
		};
		C75EBB452282BC7E00372EEA /* Frameworks */ = {
			isa = PBXFrameworksBuildPhase;
			buildActionMask = 2147483647;
			files = (
			);
			runOnlyForDeploymentPostprocessing = 0;
		};
/* End PBXFrameworksBuildPhase section */

/* Begin PBXGroup section */
		C73E7EC7228AE4F700269112 /* super的本质 */ = {
			isa = PBXGroup;
			children = (
				C75EBBEF228A6EEF00372EEA /* Test8ViewController.h */,
				C75EBBF0228A6EEF00372EEA /* Test8ViewController.m */,
			);
			name = "super的本质";
			sourceTree = "<group>";
		};
		C75EBB1C2282BC7E00372EEA = {
			isa = PBXGroup;
			children = (
				C75EBB272282BC7E00372EEA /* Runtime-Demo */,
				C75EBB402282BC7E00372EEA /* Runtime-DemoTests */,
				C75EBB4B2282BC7F00372EEA /* Runtime-DemoUITests */,
				C75EBB262282BC7E00372EEA /* Products */,
			);
			sourceTree = "<group>";
		};
		C75EBB262282BC7E00372EEA /* Products */ = {
			isa = PBXGroup;
			children = (
				C75EBB252282BC7E00372EEA /* Runtime-Demo.app */,
				C75EBB3D2282BC7E00372EEA /* Runtime-DemoTests.xctest */,
				C75EBB482282BC7E00372EEA /* Runtime-DemoUITests.xctest */,
			);
			name = Products;
			sourceTree = "<group>";
		};
		C75EBB272282BC7E00372EEA /* Runtime-Demo */ = {
			isa = PBXGroup;
			children = (
				C75EBB282282BC7E00372EEA /* AppDelegate.h */,
				C75EBB292282BC7E00372EEA /* AppDelegate.m */,
				C75EBB6C228406A700372EEA /* RootViewController.h */,
				C75EBB5C228406A400372EEA /* RootViewController.m */,
				C76AC5DA22CCD134001B80D5 /* 防止数据越界 */,
				C73E7EC7228AE4F700269112 /* super的本质 */,
				C75EBB892285669100372EEA /* 探寻过程 */,
				C75EBB932285857700372EEA /* Class */,
				C75EBB982289468F00372EEA /* 方法替换 */,
				C75EBBEE22898B9200372EEA /* 消息转发 */,
				C75EBB972289468500372EEA /* 动态添加方法 */,
				C75EBBE72289835A00372EEA /* 消息发送 */,
				C75EBB2E2282BC7E00372EEA /* Main.storyboard */,
				C75EBB312282BC7E00372EEA /* Assets.xcassets */,
				C75EBB332282BC7E00372EEA /* LaunchScreen.storyboard */,
				C75EBB362282BC7E00372EEA /* Info.plist */,
				C75EBB372282BC7E00372EEA /* main.m */,
			);
			path = "Runtime-Demo";
			sourceTree = "<group>";
		};
		C75EBB402282BC7E00372EEA /* Runtime-DemoTests */ = {
			isa = PBXGroup;
			children = (
				C75EBB412282BC7E00372EEA /* Runtime_DemoTests.m */,
				C75EBB432282BC7E00372EEA /* Info.plist */,
			);
			path = "Runtime-DemoTests";
			sourceTree = "<group>";
		};
		C75EBB4B2282BC7F00372EEA /* Runtime-DemoUITests */ = {
			isa = PBXGroup;
			children = (
				C75EBB4C2282BC7F00372EEA /* Runtime_DemoUITests.m */,
				C75EBB4E2282BC7F00372EEA /* Info.plist */,
			);
			path = "Runtime-DemoUITests";
			sourceTree = "<group>";
		};
		C75EBB892285669100372EEA /* 探寻过程 */ = {
			isa = PBXGroup;
			children = (
				C75EBB67228406A600372EEA /* Person.h */,
				C75EBB71228406A800372EEA /* Person.m */,
				C75EBB5E228406A400372EEA /* Test1ViewController.h */,
				C75EBB5B228406A400372EEA /* Test1ViewController.m */,
			);
			name = "探寻过程";
			sourceTree = "<group>";
		};
		C75EBB932285857700372EEA /* Class */ = {
			isa = PBXGroup;
			children = (
				C75EBB65228406A600372EEA /* Test2ViewController.h */,
				C75EBB68228406A600372EEA /* Test2ViewController.m */,
				C75EBB992289622E00372EEA /* ClassInfo.h */,
				C75EBBDC22897CDA00372EEA /* ClassInfo.mm */,
				C75EBB8A228566C300372EEA /* MJPerson.h */,
				C75EBB8B228566C300372EEA /* MJPerson.m */,
				C75EBB8D228566D400372EEA /* MJStudent.h */,
				C75EBB8E228566D400372EEA /* MJStudent.m */,
				C75EBB90228566E600372EEA /* MJGoodStudent.h */,
				C75EBB91228566E600372EEA /* MJGoodStudent.m */,
			);
			name = Class;
			sourceTree = "<group>";
		};
		C75EBB972289468500372EEA /* 动态添加方法 */ = {
			isa = PBXGroup;
			children = (
				C75EBB75228406A800372EEA /* Test7ViewController.h */,
				C75EBB62228406A400372EEA /* Test7ViewController.m */,
				C75EBB942289456D00372EEA /* MyTest.h */,
				C75EBB952289456D00372EEA /* MyTest.m */,
			);
			name = "动态添加方法";
			sourceTree = "<group>";
		};
		C75EBB982289468F00372EEA /* 方法替换 */ = {
			isa = PBXGroup;
			children = (
				C75EBB60228406A400372EEA /* Test6ViewController.h */,
				C75EBB74228406A800372EEA /* Test6ViewController.m */,
			);
			name = "方法替换";
			sourceTree = "<group>";
		};
		C75EBBE72289835A00372EEA /* 消息发送 */ = {
			isa = PBXGroup;
			children = (
				C75EBB6F228406A700372EEA /* Test3ViewController.h */,
				C75EBB66228406A600372EEA /* Test3ViewController.m */,
				C75EBBDE228982B900372EEA /* Animal.h */,
				C75EBBDF228982B900372EEA /* Animal.m */,
				C75EBBE1228982C500372EEA /* Dog.h */,
				C75EBBE2228982C500372EEA /* Dog.m */,
				C75EBBE4228982DA00372EEA /* HaShiqi.h */,
				C75EBBE5228982DA00372EEA /* HaShiqi.m */,
			);
			name = "消息发送";
			sourceTree = "<group>";
		};
		C75EBBEE22898B9200372EEA /* 消息转发 */ = {
			isa = PBXGroup;
			children = (
				C75EBB73228406A800372EEA /* Test5ViewController.h */,
				C75EBB6D228406A700372EEA /* Test5ViewController.m */,
				C75EBBE8228983D100372EEA /* Book.h */,
				C75EBBE9228983D100372EEA /* Book.m */,
				C75EBBEB228983EB00372EEA /* Car.h */,
				C75EBBEC228983EB00372EEA /* Car.m */,
			);
			name = "消息转发";
			sourceTree = "<group>";
		};
		C76AC5DA22CCD134001B80D5 /* 防止数据越界 */ = {
			isa = PBXGroup;
			children = (
				C76AC5DE22CCD185001B80D5 /* NSArray+ArrayBounds.h */,
				C76AC5DF22CCD185001B80D5 /* NSArray+ArrayBounds.m */,
				C76AC5E422CCD716001B80D5 /* NSObject+CEHook.h */,
				C76AC5E522CCD716001B80D5 /* NSObject+CEHook.m */,
				C76AC5DB22CCD14C001B80D5 /* Test9ViewController.h */,
				C76AC5DC22CCD14C001B80D5 /* Test9ViewController.m */,
				C76AC5E222CCD6A8001B80D5 /* NSDictionary+CESafeExt.h */,
				C76AC5E122CCD6A8001B80D5 /* NSDictionary+CESafeExt.m */,
			);
			path = "防止数据越界";
			sourceTree = "<group>";
		};
/* End PBXGroup section */

/* Begin PBXNativeTarget section */
		C75EBB242282BC7E00372EEA /* Runtime-Demo */ = {
			isa = PBXNativeTarget;
			buildConfigurationList = C75EBB512282BC7F00372EEA /* Build configuration list for PBXNativeTarget "Runtime-Demo" */;
			buildPhases = (
				C75EBB212282BC7E00372EEA /* Sources */,
				C75EBB222282BC7E00372EEA /* Frameworks */,
				C75EBB232282BC7E00372EEA /* Resources */,
			);
			buildRules = (
			);
			dependencies = (
			);
			name = "Runtime-Demo";
			productName = "Runtime-Demo";
			productReference = C75EBB252282BC7E00372EEA /* Runtime-Demo.app */;
			productType = "com.apple.product-type.application";
		};
		C75EBB3C2282BC7E00372EEA /* Runtime-DemoTests */ = {
			isa = PBXNativeTarget;
			buildConfigurationList = C75EBB542282BC7F00372EEA /* Build configuration list for PBXNativeTarget "Runtime-DemoTests" */;
			buildPhases = (
				C75EBB392282BC7E00372EEA /* Sources */,
				C75EBB3A2282BC7E00372EEA /* Frameworks */,
				C75EBB3B2282BC7E00372EEA /* Resources */,
			);
			buildRules = (
			);
			dependencies = (
				C75EBB3F2282BC7E00372EEA /* PBXTargetDependency */,
			);
			name = "Runtime-DemoTests";
			productName = "Runtime-DemoTests";
			productReference = C75EBB3D2282BC7E00372EEA /* Runtime-DemoTests.xctest */;
			productType = "com.apple.product-type.bundle.unit-test";
		};
		C75EBB472282BC7E00372EEA /* Runtime-DemoUITests */ = {
			isa = PBXNativeTarget;
			buildConfigurationList = C75EBB572282BC7F00372EEA /* Build configuration list for PBXNativeTarget "Runtime-DemoUITests" */;
			buildPhases = (
				C75EBB442282BC7E00372EEA /* Sources */,
				C75EBB452282BC7E00372EEA /* Frameworks */,
				C75EBB462282BC7E00372EEA /* Resources */,
			);
			buildRules = (
			);
			dependencies = (
				C75EBB4A2282BC7E00372EEA /* PBXTargetDependency */,
			);
			name = "Runtime-DemoUITests";
			productName = "Runtime-DemoUITests";
			productReference = C75EBB482282BC7E00372EEA /* Runtime-DemoUITests.xctest */;
			productType = "com.apple.product-type.bundle.ui-testing";
		};
/* End PBXNativeTarget section */

/* Begin PBXProject section */
		C75EBB1D2282BC7E00372EEA /* Project object */ = {
			isa = PBXProject;
			attributes = {
				LastUpgradeCheck = 1010;
				ORGANIZATIONNAME = "王泽龙";
				TargetAttributes = {
					C75EBB242282BC7E00372EEA = {
						CreatedOnToolsVersion = 10.1;
					};
					C75EBB3C2282BC7E00372EEA = {
						CreatedOnToolsVersion = 10.1;
						TestTargetID = C75EBB242282BC7E00372EEA;
					};
					C75EBB472282BC7E00372EEA = {
						CreatedOnToolsVersion = 10.1;
						TestTargetID = C75EBB242282BC7E00372EEA;
					};
				};
			};
			buildConfigurationList = C75EBB202282BC7E00372EEA /* Build configuration list for PBXProject "Runtime-Demo" */;
			compatibilityVersion = "Xcode 9.3";
			developmentRegion = en;
			hasScannedForEncodings = 0;
			knownRegions = (
				en,
				Base,
			);
			mainGroup = C75EBB1C2282BC7E00372EEA;
			productRefGroup = C75EBB262282BC7E00372EEA /* Products */;
			projectDirPath = "";
			projectRoot = "";
			targets = (
				C75EBB242282BC7E00372EEA /* Runtime-Demo */,
				C75EBB3C2282BC7E00372EEA /* Runtime-DemoTests */,
				C75EBB472282BC7E00372EEA /* Runtime-DemoUITests */,
			);
		};
/* End PBXProject section */

/* Begin PBXResourcesBuildPhase section */
		C75EBB232282BC7E00372EEA /* Resources */ = {
			isa = PBXResourcesBuildPhase;
			buildActionMask = 2147483647;
			files = (
				C75EBB352282BC7E00372EEA /* LaunchScreen.storyboard in Resources */,
				C75EBB322282BC7E00372EEA /* Assets.xcassets in Resources */,
				C75EBB302282BC7E00372EEA /* Main.storyboard in Resources */,
			);
			runOnlyForDeploymentPostprocessing = 0;
		};
		C75EBB3B2282BC7E00372EEA /* Resources */ = {
			isa = PBXResourcesBuildPhase;
			buildActionMask = 2147483647;
			files = (
			);
			runOnlyForDeploymentPostprocessing = 0;
		};
		C75EBB462282BC7E00372EEA /* Resources */ = {
			isa = PBXResourcesBuildPhase;
			buildActionMask = 2147483647;
			files = (
			);
			runOnlyForDeploymentPostprocessing = 0;
		};
/* End PBXResourcesBuildPhase section */

/* Begin PBXSourcesBuildPhase section */
		C75EBB212282BC7E00372EEA /* Sources */ = {
			isa = PBXSourcesBuildPhase;
			buildActionMask = 2147483647;
			files = (
				C75EBB83228406A800372EEA /* Test5ViewController.m in Sources */,
				C75EBB86228406A800372EEA /* Person.m in Sources */,
				C75EBB77228406A800372EEA /* Test1ViewController.m in Sources */,
				C75EBB7E228406A800372EEA /* Test3ViewController.m in Sources */,
				C75EBB8C228566C300372EEA /* MJPerson.m in Sources */,
				C76AC5E322CCD6A8001B80D5 /* NSDictionary+CESafeExt.m in Sources */,
				C75EBBE0228982B900372EEA /* Animal.m in Sources */,
				C75EBBDD22897CDA00372EEA /* ClassInfo.mm in Sources */,
				C76AC5E022CCD185001B80D5 /* NSArray+ArrayBounds.m in Sources */,
				C75EBB8F228566D400372EEA /* MJStudent.m in Sources */,
				C75EBB92228566E600372EEA /* MJGoodStudent.m in Sources */,
				C75EBBEA228983D100372EEA /* Book.m in Sources */,
				C75EBBED228983EB00372EEA /* Car.m in Sources */,
				C75EBB78228406A800372EEA /* RootViewController.m in Sources */,
				C75EBB962289456D00372EEA /* MyTest.m in Sources */,
				C76AC5E622CCD716001B80D5 /* NSObject+CEHook.m in Sources */,
				C75EBB382282BC7E00372EEA /* main.m in Sources */,
				C75EBB7F228406A800372EEA /* Test2ViewController.m in Sources */,
				C75EBB7B228406A800372EEA /* Test7ViewController.m in Sources */,
				C75EBB87228406A800372EEA /* Test6ViewController.m in Sources */,
				C75EBBF1228A6EEF00372EEA /* Test8ViewController.m in Sources */,
				C75EBBE6228982DA00372EEA /* HaShiqi.m in Sources */,
				C75EBBE3228982C500372EEA /* Dog.m in Sources */,
				C76AC5DD22CCD14C001B80D5 /* Test9ViewController.m in Sources */,
				C75EBB2A2282BC7E00372EEA /* AppDelegate.m in Sources */,
			);
			runOnlyForDeploymentPostprocessing = 0;
		};
		C75EBB392282BC7E00372EEA /* Sources */ = {
			isa = PBXSourcesBuildPhase;
			buildActionMask = 2147483647;
			files = (
				C75EBB422282BC7E00372EEA /* Runtime_DemoTests.m in Sources */,
			);
			runOnlyForDeploymentPostprocessing = 0;
		};
		C75EBB442282BC7E00372EEA /* Sources */ = {
			isa = PBXSourcesBuildPhase;
			buildActionMask = 2147483647;
			files = (
				C75EBB4D2282BC7F00372EEA /* Runtime_DemoUITests.m in Sources */,
			);
			runOnlyForDeploymentPostprocessing = 0;
		};
/* End PBXSourcesBuildPhase section */

/* Begin PBXTargetDependency section */
		C75EBB3F2282BC7E00372EEA /* PBXTargetDependency */ = {
			isa = PBXTargetDependency;
			target = C75EBB242282BC7E00372EEA /* Runtime-Demo */;
			targetProxy = C75EBB3E2282BC7E00372EEA /* PBXContainerItemProxy */;
		};
		C75EBB4A2282BC7E00372EEA /* PBXTargetDependency */ = {
			isa = PBXTargetDependency;
			target = C75EBB242282BC7E00372EEA /* Runtime-Demo */;
			targetProxy = C75EBB492282BC7E00372EEA /* PBXContainerItemProxy */;
		};
/* End PBXTargetDependency section */

/* Begin PBXVariantGroup section */
		C75EBB2E2282BC7E00372EEA /* Main.storyboard */ = {
			isa = PBXVariantGroup;
			children = (
				C75EBB2F2282BC7E00372EEA /* Base */,
			);
			name = Main.storyboard;
			sourceTree = "<group>";
		};
		C75EBB332282BC7E00372EEA /* LaunchScreen.storyboard */ = {
			isa = PBXVariantGroup;
			children = (
				C75EBB342282BC7E00372EEA /* Base */,
			);
			name = LaunchScreen.storyboard;
			sourceTree = "<group>";
		};
/* End PBXVariantGroup section */

/* Begin XCBuildConfiguration section */
		C75EBB4F2282BC7F00372EEA /* Debug */ = {
			isa = XCBuildConfiguration;
			buildSettings = {
				ALWAYS_SEARCH_USER_PATHS = NO;
				CLANG_ANALYZER_NONNULL = YES;
				CLANG_ANALYZER_NUMBER_OBJECT_CONVERSION = YES_AGGRESSIVE;
				CLANG_CXX_LANGUAGE_STANDARD = "gnu++14";
				CLANG_CXX_LIBRARY = "libc++";
				CLANG_ENABLE_MODULES = YES;
				CLANG_ENABLE_OBJC_ARC = YES;
				CLANG_ENABLE_OBJC_WEAK = YES;
				CLANG_WARN_BLOCK_CAPTURE_AUTORELEASING = YES;
				CLANG_WARN_BOOL_CONVERSION = YES;
				CLANG_WARN_COMMA = YES;
				CLANG_WARN_CONSTANT_CONVERSION = YES;
				CLANG_WARN_DEPRECATED_OBJC_IMPLEMENTATIONS = YES;
				CLANG_WARN_DIRECT_OBJC_ISA_USAGE = YES_ERROR;
				CLANG_WARN_DOCUMENTATION_COMMENTS = YES;
				CLANG_WARN_EMPTY_BODY = YES;
				CLANG_WARN_ENUM_CONVERSION = YES;
				CLANG_WARN_INFINITE_RECURSION = YES;
				CLANG_WARN_INT_CONVERSION = YES;
				CLANG_WARN_NON_LITERAL_NULL_CONVERSION = YES;
				CLANG_WARN_OBJC_IMPLICIT_RETAIN_SELF = YES;
				CLANG_WARN_OBJC_LITERAL_CONVERSION = YES;
				CLANG_WARN_OBJC_ROOT_CLASS = YES_ERROR;
				CLANG_WARN_RANGE_LOOP_ANALYSIS = YES;
				CLANG_WARN_STRICT_PROTOTYPES = YES;
				CLANG_WARN_SUSPICIOUS_MOVE = YES;
				CLANG_WARN_UNGUARDED_AVAILABILITY = YES_AGGRESSIVE;
				CLANG_WARN_UNREACHABLE_CODE = YES;
				CLANG_WARN__DUPLICATE_METHOD_MATCH = YES;
				CODE_SIGN_IDENTITY = "iPhone Developer";
				COPY_PHASE_STRIP = NO;
				DEBUG_INFORMATION_FORMAT = dwarf;
				ENABLE_STRICT_OBJC_MSGSEND = YES;
				ENABLE_TESTABILITY = YES;
				GCC_C_LANGUAGE_STANDARD = gnu11;
				GCC_DYNAMIC_NO_PIC = NO;
				GCC_NO_COMMON_BLOCKS = YES;
				GCC_OPTIMIZATION_LEVEL = 0;
				GCC_PREPROCESSOR_DEFINITIONS = (
					"DEBUG=1",
					"$(inherited)",
				);
				GCC_WARN_64_TO_32_BIT_CONVERSION = YES;
				GCC_WARN_ABOUT_RETURN_TYPE = YES_ERROR;
				GCC_WARN_UNDECLARED_SELECTOR = YES;
				GCC_WARN_UNINITIALIZED_AUTOS = YES_AGGRESSIVE;
				GCC_WARN_UNUSED_FUNCTION = YES;
				GCC_WARN_UNUSED_VARIABLE = YES;
				IPHONEOS_DEPLOYMENT_TARGET = 12.1;
				MTL_ENABLE_DEBUG_INFO = INCLUDE_SOURCE;
				MTL_FAST_MATH = YES;
				ONLY_ACTIVE_ARCH = YES;
				SDKROOT = iphoneos;
			};
			name = Debug;
		};
		C75EBB502282BC7F00372EEA /* Release */ = {
			isa = XCBuildConfiguration;
			buildSettings = {
				ALWAYS_SEARCH_USER_PATHS = NO;
				CLANG_ANALYZER_NONNULL = YES;
				CLANG_ANALYZER_NUMBER_OBJECT_CONVERSION = YES_AGGRESSIVE;
				CLANG_CXX_LANGUAGE_STANDARD = "gnu++14";
				CLANG_CXX_LIBRARY = "libc++";
				CLANG_ENABLE_MODULES = YES;
				CLANG_ENABLE_OBJC_ARC = YES;
				CLANG_ENABLE_OBJC_WEAK = YES;
				CLANG_WARN_BLOCK_CAPTURE_AUTORELEASING = YES;
				CLANG_WARN_BOOL_CONVERSION = YES;
				CLANG_WARN_COMMA = YES;
				CLANG_WARN_CONSTANT_CONVERSION = YES;
				CLANG_WARN_DEPRECATED_OBJC_IMPLEMENTATIONS = YES;
				CLANG_WARN_DIRECT_OBJC_ISA_USAGE = YES_ERROR;
				CLANG_WARN_DOCUMENTATION_COMMENTS = YES;
				CLANG_WARN_EMPTY_BODY = YES;
				CLANG_WARN_ENUM_CONVERSION = YES;
				CLANG_WARN_INFINITE_RECURSION = YES;
				CLANG_WARN_INT_CONVERSION = YES;
				CLANG_WARN_NON_LITERAL_NULL_CONVERSION = YES;
				CLANG_WARN_OBJC_IMPLICIT_RETAIN_SELF = YES;
				CLANG_WARN_OBJC_LITERAL_CONVERSION = YES;
				CLANG_WARN_OBJC_ROOT_CLASS = YES_ERROR;
				CLANG_WARN_RANGE_LOOP_ANALYSIS = YES;
				CLANG_WARN_STRICT_PROTOTYPES = YES;
				CLANG_WARN_SUSPICIOUS_MOVE = YES;
				CLANG_WARN_UNGUARDED_AVAILABILITY = YES_AGGRESSIVE;
				CLANG_WARN_UNREACHABLE_CODE = YES;
				CLANG_WARN__DUPLICATE_METHOD_MATCH = YES;
				CODE_SIGN_IDENTITY = "iPhone Developer";
				COPY_PHASE_STRIP = NO;
				DEBUG_INFORMATION_FORMAT = "dwarf-with-dsym";
				ENABLE_NS_ASSERTIONS = NO;
				ENABLE_STRICT_OBJC_MSGSEND = YES;
				GCC_C_LANGUAGE_STANDARD = gnu11;
				GCC_NO_COMMON_BLOCKS = YES;
				GCC_WARN_64_TO_32_BIT_CONVERSION = YES;
				GCC_WARN_ABOUT_RETURN_TYPE = YES_ERROR;
				GCC_WARN_UNDECLARED_SELECTOR = YES;
				GCC_WARN_UNINITIALIZED_AUTOS = YES_AGGRESSIVE;
				GCC_WARN_UNUSED_FUNCTION = YES;
				GCC_WARN_UNUSED_VARIABLE = YES;
				IPHONEOS_DEPLOYMENT_TARGET = 12.1;
				MTL_ENABLE_DEBUG_INFO = NO;
				MTL_FAST_MATH = YES;
				SDKROOT = iphoneos;
				VALIDATE_PRODUCT = YES;
			};
			name = Release;
		};
		C75EBB522282BC7F00372EEA /* Debug */ = {
			isa = XCBuildConfiguration;
			buildSettings = {
				ASSETCATALOG_COMPILER_APPICON_NAME = AppIcon;
				CODE_SIGN_STYLE = Automatic;
				INFOPLIST_FILE = "Runtime-Demo/Info.plist";
				LD_RUNPATH_SEARCH_PATHS = (
					"$(inherited)",
					"@executable_path/Frameworks",
				);
				PRODUCT_BUNDLE_IDENTIFIER = "xiaoyaoknight.Runtime-Demo";
				PRODUCT_NAME = "$(TARGET_NAME)";
				TARGETED_DEVICE_FAMILY = "1,2";
			};
			name = Debug;
		};
		C75EBB532282BC7F00372EEA /* Release */ = {
			isa = XCBuildConfiguration;
			buildSettings = {
				ASSETCATALOG_COMPILER_APPICON_NAME = AppIcon;
				CODE_SIGN_STYLE = Automatic;
				INFOPLIST_FILE = "Runtime-Demo/Info.plist";
				LD_RUNPATH_SEARCH_PATHS = (
					"$(inherited)",
					"@executable_path/Frameworks",
				);
				PRODUCT_BUNDLE_IDENTIFIER = "xiaoyaoknight.Runtime-Demo";
				PRODUCT_NAME = "$(TARGET_NAME)";
				TARGETED_DEVICE_FAMILY = "1,2";
			};
			name = Release;
		};
		C75EBB552282BC7F00372EEA /* Debug */ = {
			isa = XCBuildConfiguration;
			buildSettings = {
				BUNDLE_LOADER = "$(TEST_HOST)";
				CODE_SIGN_STYLE = Automatic;
				INFOPLIST_FILE = "Runtime-DemoTests/Info.plist";
				LD_RUNPATH_SEARCH_PATHS = (
					"$(inherited)",
					"@executable_path/Frameworks",
					"@loader_path/Frameworks",
				);
				PRODUCT_BUNDLE_IDENTIFIER = "xiaoyaoknight.Runtime-DemoTests";
				PRODUCT_NAME = "$(TARGET_NAME)";
				TARGETED_DEVICE_FAMILY = "1,2";
				TEST_HOST = "$(BUILT_PRODUCTS_DIR)/Runtime-Demo.app/Runtime-Demo";
			};
			name = Debug;
		};
		C75EBB562282BC7F00372EEA /* Release */ = {
			isa = XCBuildConfiguration;
			buildSettings = {
				BUNDLE_LOADER = "$(TEST_HOST)";
				CODE_SIGN_STYLE = Automatic;
				INFOPLIST_FILE = "Runtime-DemoTests/Info.plist";
				LD_RUNPATH_SEARCH_PATHS = (
					"$(inherited)",
					"@executable_path/Frameworks",
					"@loader_path/Frameworks",
				);
				PRODUCT_BUNDLE_IDENTIFIER = "xiaoyaoknight.Runtime-DemoTests";
				PRODUCT_NAME = "$(TARGET_NAME)";
				TARGETED_DEVICE_FAMILY = "1,2";
				TEST_HOST = "$(BUILT_PRODUCTS_DIR)/Runtime-Demo.app/Runtime-Demo";
			};
			name = Release;
		};
		C75EBB582282BC7F00372EEA /* Debug */ = {
			isa = XCBuildConfiguration;
			buildSettings = {
				CODE_SIGN_STYLE = Automatic;
				INFOPLIST_FILE = "Runtime-DemoUITests/Info.plist";
				LD_RUNPATH_SEARCH_PATHS = (
					"$(inherited)",
					"@executable_path/Frameworks",
					"@loader_path/Frameworks",
				);
				PRODUCT_BUNDLE_IDENTIFIER = "xiaoyaoknight.Runtime-DemoUITests";
				PRODUCT_NAME = "$(TARGET_NAME)";
				TARGETED_DEVICE_FAMILY = "1,2";
				TEST_TARGET_NAME = "Runtime-Demo";
			};
			name = Debug;
		};
		C75EBB592282BC7F00372EEA /* Release */ = {
			isa = XCBuildConfiguration;
			buildSettings = {
				CODE_SIGN_STYLE = Automatic;
				INFOPLIST_FILE = "Runtime-DemoUITests/Info.plist";
				LD_RUNPATH_SEARCH_PATHS = (
					"$(inherited)",
					"@executable_path/Frameworks",
					"@loader_path/Frameworks",
				);
				PRODUCT_BUNDLE_IDENTIFIER = "xiaoyaoknight.Runtime-DemoUITests";
				PRODUCT_NAME = "$(TARGET_NAME)";
				TARGETED_DEVICE_FAMILY = "1,2";
				TEST_TARGET_NAME = "Runtime-Demo";
			};
			name = Release;
		};
/* End XCBuildConfiguration section */

/* Begin XCConfigurationList section */
		C75EBB202282BC7E00372EEA /* Build configuration list for PBXProject "Runtime-Demo" */ = {
			isa = XCConfigurationList;
			buildConfigurations = (
				C75EBB4F2282BC7F00372EEA /* Debug */,
				C75EBB502282BC7F00372EEA /* Release */,
			);
			defaultConfigurationIsVisible = 0;
			defaultConfigurationName = Release;
		};
		C75EBB512282BC7F00372EEA /* Build configuration list for PBXNativeTarget "Runtime-Demo" */ = {
			isa = XCConfigurationList;
			buildConfigurations = (
				C75EBB522282BC7F00372EEA /* Debug */,
				C75EBB532282BC7F00372EEA /* Release */,
			);
			defaultConfigurationIsVisible = 0;
			defaultConfigurationName = Release;
		};
		C75EBB542282BC7F00372EEA /* Build configuration list for PBXNativeTarget "Runtime-DemoTests" */ = {
			isa = XCConfigurationList;
			buildConfigurations = (
				C75EBB552282BC7F00372EEA /* Debug */,
				C75EBB562282BC7F00372EEA /* Release */,
			);
			defaultConfigurationIsVisible = 0;
			defaultConfigurationName = Release;
		};
		C75EBB572282BC7F00372EEA /* Build configuration list for PBXNativeTarget "Runtime-DemoUITests" */ = {
			isa = XCConfigurationList;
			buildConfigurations = (
				C75EBB582282BC7F00372EEA /* Debug */,
				C75EBB592282BC7F00372EEA /* Release */,
			);
			defaultConfigurationIsVisible = 0;
			defaultConfigurationName = Release;
		};
/* End XCConfigurationList section */
	};
	rootObject = C75EBB1D2282BC7E00372EEA /* Project object */;
}
